<Solution>
  <Folder Name="/Agent Evaluators/" />
  <Folder Name="/Automation/" />
  <Folder Name="/Baseline/">
    <Project Path="Eval.Agent/Eval.Agent.csproj" />
    <Project Path="Eval.FoundryAgent/Eval.FoundryAgent.csproj" />
  </Folder>
  <Folder Name="/General Purpose/">
    <Project Path="Eval.BuiltIn.Coherence/Eval.BuiltIn.Coherence.csproj" />
  </Folder>
  <Folder Name="/Risk and safety/" />
  <Folder Name="/Textual Similarities/" />
</Solution>
